
Microsoft Visual Studio Solution File, Format Version 12.00
Project("{FAE04EC0-301F-11D3-BF4B-00C04F79EFBC}") = "Hanabi", "Hanabi\Hanabi.csproj", "{8322D7EC-6A03-478B-868A-5E6D51E05F1B}"
EndProject
Project("{FAE04EC0-301F-11D3-BF4B-00C04F79EFBC}") = "Hanabi.Server.Tests", "Hanabi.Server.Tests\Hanabi.Server.Tests.csproj", "{921A7E65-2088-419D-A69E-57FEF45B4B13}"
EndProject
Global
	GlobalSection(SolutionConfigurationPlatforms) = preSolution
		Debug|Any CPU = Debug|Any CPU
		Release|Any CPU = Release|Any CPU
	EndGlobalSection
	GlobalSection(ProjectConfigurationPlatforms) = postSolution
		{8322D7EC-6A03-478B-868A-5E6D51E05F1B}.Debug|Any CPU.ActiveCfg = Debug|Any CPU
		{8322D7EC-6A03-478B-868A-5E6D51E05F1B}.Debug|Any CPU.Build.0 = Debug|Any CPU
		{8322D7EC-6A03-478B-868A-5E6D51E05F1B}.Release|Any CPU.ActiveCfg = Release|Any CPU
		{8322D7EC-6A03-478B-868A-5E6D51E05F1B}.Release|Any CPU.Build.0 = Release|Any CPU
		{921A7E65-2088-419D-A69E-57FEF45B4B13}.Debug|Any CPU.ActiveCfg = Debug|Any CPU
		{921A7E65-2088-419D-A69E-57FEF45B4B13}.Debug|Any CPU.Build.0 = Debug|Any CPU
		{921A7E65-2088-419D-A69E-57FEF45B4B13}.Release|Any CPU.ActiveCfg = Release|Any CPU
		{921A7E65-2088-419D-A69E-57FEF45B4B13}.Release|Any CPU.Build.0 = Release|Any CPU
	EndGlobalSection
EndGlobal
